<?xml version="1.0" encoding="utf-8"?>
<Project ToolsVersion="4.0" xmlns="http://schemas.microsoft.com/developer/msbuild/2003">
  <ItemGroup>
    <Filter Include="source">
      <UniqueIdentifier>{fcf9609b-df80-4151-b2e9-6b6b3485e52c}</UniqueIdentifier>
    </Filter>
  </ItemGroup>
  <ItemGroup>
    <ClInclude Include="src\shader_parser.h">
      <Filter>source</Filter>
    </ClInclude>
    <ClInclude Include="src\shader.h">
      <Filter>source</Filter>
    </ClInclude>
  </ItemGroup>
  <ItemGroup>
    <ClCompile Include="src\shader_parser.cpp">
      <Filter>source</Filter>
    </ClCompile>
  </ItemGroup>
</Project>