<?xml version="1.0" encoding="utf-8"?>
<Project ToolsVersion="4.0" xmlns="http://schemas.microsoft.com/developer/msbuild/2003">
  <ItemGroup>
    <Filter Include="Application">
      <UniqueIdentifier>{624539a0-24b2-41c7-922e-2f0f2a4bea83}</UniqueIdentifier>
    </Filter>
    <Filter Include="ImGui">
      <UniqueIdentifier>{cff7db02-c4bd-4fcc-8ac4-b12843da5d3e}</UniqueIdentifier>
    </Filter>
    <Filter Include="ImGui\sdk">
      <UniqueIdentifier>{f5eb649e-4d30-440a-b8d8-9a4695d0561f}</UniqueIdentifier>
    </Filter>
    <Filter Include="Callback">
      <UniqueIdentifier>{774024c6-e2d9-47d0-aee9-81b7b320e65d}</UniqueIdentifier>
    </Filter>
    <Filter Include="Model">
      <UniqueIdentifier>{9dc065e4-36dd-438f-9042-37b85a2111af}</UniqueIdentifier>
    </Filter>
    <Filter Include="Model\Importer">
      <UniqueIdentifier>{89ecd511-11fb-4df6-903a-50a2d4b92a73}</UniqueIdentifier>
    </Filter>
  </ItemGroup>
  <ItemGroup>
    <ClInclude Include="Application\SandEngineModule.h">
      <Filter>Application</Filter>
    </ClInclude>
    <ClInclude Include="Application\SApplication.h">
      <Filter>Application</Filter>
    </ClInclude>
    <ClInclude Include="SandEnginePCH.h" />
    <ClInclude Include="Application\SWindow.h">
      <Filter>Application</Filter>
    </ClInclude>
    <ClInclude Include="Application\SRenderer.h">
      <Filter>Application</Filter>
    </ClInclude>
    <ClInclude Include="..\..\thirdparty\imgui\imgui.h">
      <Filter>ImGui\sdk</Filter>
    </ClInclude>
    <ClInclude Include="..\..\thirdparty\imgui\imgui_internal.h">
      <Filter>ImGui\sdk</Filter>
    </ClInclude>
    <ClInclude Include="GUI\SGui.h">
      <Filter>ImGui</Filter>
    </ClInclude>
    <ClInclude Include="Callback\SCallback.h">
      <Filter>Callback</Filter>
    </ClInclude>
    <ClInclude Include="Model\FbxImporter.h">
      <Filter>Model\Importer</Filter>
    </ClInclude>
    <ClInclude Include="Model\SIScene.h">
      <Filter>Model</Filter>
    </ClInclude>
    <ClInclude Include="Model\SVertexBuffer.h">
      <Filter>Model</Filter>
    </ClInclude>
    <ClInclude Include="Model\SIndexBuffer.h">
      <Filter>Model</Filter>
    </ClInclude>
    <ClInclude Include="Model\SBuffer.h">
      <Filter>Model</Filter>
    </ClInclude>
    <ClInclude Include="Model\SResource.h">
      <Filter>Model</Filter>
    </ClInclude>
    <ClInclude Include="Model\SResourceManager.h">
      <Filter>Model</Filter>
    </ClInclude>
    <ClInclude Include="Model\SConstantBuffer.h">
      <Filter>Model</Filter>
    </ClInclude>
    <ClInclude Include="Model\SMeshBuffer.h">
      <Filter>Model</Filter>
    </ClInclude>
    <ClInclude Include="Model\SMeshLoader.h">
      <Filter>Model</Filter>
    </ClInclude>
  </ItemGroup>
  <ItemGroup>
    <ClCompile Include="Application\SApplication.cpp">
      <Filter>Application</Filter>
    </ClCompile>
    <ClCompile Include="SandEnginePCH.cpp" />
    <ClCompile Include="Application\SWindow.cpp">
      <Filter>Application</Filter>
    </ClCompile>
    <ClCompile Include="Application\SRenderer.cpp">
      <Filter>Application</Filter>
    </ClCompile>
    <ClCompile Include="..\..\thirdparty\imgui\imgui.cpp">
      <Filter>ImGui\sdk</Filter>
    </ClCompile>
    <ClCompile Include="GUI\SGui.cpp">
      <Filter>ImGui</Filter>
    </ClCompile>
    <ClCompile Include="..\..\thirdparty\imgui\imgui_demo.cpp">
      <Filter>ImGui\sdk</Filter>
    </ClCompile>
    <ClCompile Include="..\..\thirdparty\imgui\imgui_draw.cpp">
      <Filter>ImGui\sdk</Filter>
    </ClCompile>
    <ClCompile Include="Callback\SCallback.cpp">
      <Filter>Callback</Filter>
    </ClCompile>
    <ClCompile Include="Application\SandEngineModule.cpp">
      <Filter>Application</Filter>
    </ClCompile>
    <ClCompile Include="Model\FbxImporter.cpp">
      <Filter>Model\Importer</Filter>
    </ClCompile>
    <ClCompile Include="Model\SIScene.cpp">
      <Filter>Model</Filter>
    </ClCompile>
    <ClCompile Include="Model\SVertexBuffer.cpp">
      <Filter>Model</Filter>
    </ClCompile>
    <ClCompile Include="Model\SIndexBuffer.cpp">
      <Filter>Model</Filter>
    </ClCompile>
    <ClCompile Include="Model\SBuffer.cpp">
      <Filter>Model</Filter>
    </ClCompile>
    <ClCompile Include="Model\SResource.cpp">
      <Filter>Model</Filter>
    </ClCompile>
    <ClCompile Include="Model\SResourceManager.cpp">
      <Filter>Model</Filter>
    </ClCompile>
    <ClCompile Include="Model\SConstantBuffer.cpp" />
    <ClCompile Include="Model\SMeshBuffer.cpp" />
    <ClCompile Include="Model\SMeshLoader.cpp">
      <Filter>Model</Filter>
    </ClCompile>
  </ItemGroup>
</Project>