<?xml version="1.0" encoding="utf-8"?>
<Project ToolsVersion="4.0" xmlns="http://schemas.microsoft.com/developer/msbuild/2003">
  <ItemGroup>
    <Filter Include="Application">
      <UniqueIdentifier>{624539a0-24b2-41c7-922e-2f0f2a4bea83}</UniqueIdentifier>
    </Filter>
    <Filter Include="ImGui">
      <UniqueIdentifier>{cff7db02-c4bd-4fcc-8ac4-b12843da5d3e}</UniqueIdentifier>
    </Filter>
    <Filter Include="ImGui\sdk">
      <UniqueIdentifier>{f5eb649e-4d30-440a-b8d8-9a4695d0561f}</UniqueIdentifier>
    </Filter>
    <Filter Include="Callback">
      <UniqueIdentifier>{774024c6-e2d9-47d0-aee9-81b7b320e65d}</UniqueIdentifier>
    </Filter>
    <Filter Include="Pipeline">
      <UniqueIdentifier>{fbbe0cb0-0ffb-497d-a470-0bb80727b955}</UniqueIdentifier>
    </Filter>
    <Filter Include="Resource">
      <UniqueIdentifier>{9dc065e4-36dd-438f-9042-37b85a2111af}</UniqueIdentifier>
    </Filter>
    <Filter Include="Resource\Material">
      <UniqueIdentifier>{16f29858-2f64-49bc-84db-8ea4f713cb68}</UniqueIdentifier>
    </Filter>
    <Filter Include="Resource\Texture">
      <UniqueIdentifier>{b061744e-33ed-41b2-86a2-becfc94cd5f7}</UniqueIdentifier>
    </Filter>
    <Filter Include="Resource\Buffer">
      <UniqueIdentifier>{296116b6-3e23-4b7c-ae86-6a8a3e0faa5e}</UniqueIdentifier>
    </Filter>
    <Filter Include="Resource\Image">
      <UniqueIdentifier>{4e8ad8ab-9678-457b-adf0-9d1c0a06117a}</UniqueIdentifier>
    </Filter>
    <Filter Include="Resource\Shaders">
      <UniqueIdentifier>{713864b8-cdf3-465b-83de-80988a24db51}</UniqueIdentifier>
    </Filter>
    <Filter Include="Camera">
      <UniqueIdentifier>{2a0901f3-e83c-4ac8-8780-f6e1677df61f}</UniqueIdentifier>
    </Filter>
    <Filter Include="Sky">
      <UniqueIdentifier>{d5e7826d-11ca-47ea-b6c0-b326351c16d3}</UniqueIdentifier>
    </Filter>
  </ItemGroup>
  <ItemGroup>
    <ClInclude Include="Application\SandEngineModule.h">
      <Filter>Application</Filter>
    </ClInclude>
    <ClInclude Include="Application\SApplication.h">
      <Filter>Application</Filter>
    </ClInclude>
    <ClInclude Include="SandEnginePCH.h" />
    <ClInclude Include="Application\SWindow.h">
      <Filter>Application</Filter>
    </ClInclude>
    <ClInclude Include="Application\SRenderer.h">
      <Filter>Application</Filter>
    </ClInclude>
    <ClInclude Include="..\..\thirdparty\imgui\imgui.h">
      <Filter>ImGui\sdk</Filter>
    </ClInclude>
    <ClInclude Include="..\..\thirdparty\imgui\imgui_internal.h">
      <Filter>ImGui\sdk</Filter>
    </ClInclude>
    <ClInclude Include="GUI\SGui.h">
      <Filter>ImGui</Filter>
    </ClInclude>
    <ClInclude Include="Callback\SCallback.h">
      <Filter>Callback</Filter>
    </ClInclude>
    <ClInclude Include="Pipeline\SRenderHelper.h">
      <Filter>Pipeline</Filter>
    </ClInclude>
    <ClInclude Include="Resource\Material\Material.h">
      <Filter>Resource\Material</Filter>
    </ClInclude>
    <ClInclude Include="Resource\Material\RenderState.h">
      <Filter>Resource\Material</Filter>
    </ClInclude>
    <ClInclude Include="Resource\SBuffer.h">
      <Filter>Resource\Buffer</Filter>
    </ClInclude>
    <ClInclude Include="Resource\SConstantBuffer.h">
      <Filter>Resource\Buffer</Filter>
    </ClInclude>
    <ClInclude Include="Resource\SMeshBuffer.h">
      <Filter>Resource\Buffer</Filter>
    </ClInclude>
    <ClInclude Include="Resource\SStaticMeshManager.h">
      <Filter>Resource\Buffer</Filter>
    </ClInclude>
    <ClInclude Include="Resource\Texture\STextureObject.h">
      <Filter>Resource\Texture</Filter>
    </ClInclude>
    <ClInclude Include="Resource\SResourceManager.h">
      <Filter>Resource</Filter>
    </ClInclude>
    <ClInclude Include="Resource\SResource.h">
      <Filter>Resource</Filter>
    </ClInclude>
    <ClInclude Include="Resource\Texture\STextureManager.h">
      <Filter>Resource\Texture</Filter>
    </ClInclude>
    <ClInclude Include="SApiDef.h">
      <Filter>Application</Filter>
    </ClInclude>
    <ClInclude Include="Resource\Image\SImage.h">
      <Filter>Resource\Image</Filter>
    </ClInclude>
    <ClInclude Include="Camera\Camera.h">
      <Filter>Camera</Filter>
    </ClInclude>
    <ClInclude Include="Sky\Skybox.h">
      <Filter>Sky</Filter>
    </ClInclude>
    <ClInclude Include="..\..\thirdparty\loadpng\lodepng.h">
      <Filter>Resource\Texture</Filter>
    </ClInclude>
    <ClInclude Include="Application\sEventInfo.h">
      <Filter>Application</Filter>
    </ClInclude>
    <ClInclude Include="Resource\Shaders\SShader.h">
      <Filter>Resource\Shaders</Filter>
    </ClInclude>
  </ItemGroup>
  <ItemGroup>
    <ClCompile Include="Application\SApplication.cpp">
      <Filter>Application</Filter>
    </ClCompile>
    <ClCompile Include="SandEnginePCH.cpp" />
    <ClCompile Include="Application\SWindow.cpp">
      <Filter>Application</Filter>
    </ClCompile>
    <ClCompile Include="Application\SRenderer.cpp">
      <Filter>Application</Filter>
    </ClCompile>
    <ClCompile Include="..\..\thirdparty\imgui\imgui.cpp">
      <Filter>ImGui\sdk</Filter>
    </ClCompile>
    <ClCompile Include="GUI\SGui.cpp">
      <Filter>ImGui</Filter>
    </ClCompile>
    <ClCompile Include="..\..\thirdparty\imgui\imgui_demo.cpp">
      <Filter>ImGui\sdk</Filter>
    </ClCompile>
    <ClCompile Include="..\..\thirdparty\imgui\imgui_draw.cpp">
      <Filter>ImGui\sdk</Filter>
    </ClCompile>
    <ClCompile Include="Callback\SCallback.cpp">
      <Filter>Callback</Filter>
    </ClCompile>
    <ClCompile Include="Application\SandEngineModule.cpp">
      <Filter>Application</Filter>
    </ClCompile>
    <ClCompile Include="Pipeline\SRenderHelper.cpp">
      <Filter>Pipeline</Filter>
    </ClCompile>
    <ClCompile Include="Resource\Material\Material.cpp">
      <Filter>Resource\Material</Filter>
    </ClCompile>
    <ClCompile Include="Resource\Material\RenderState.cpp">
      <Filter>Resource\Material</Filter>
    </ClCompile>
    <ClCompile Include="Resource\SBuffer.cpp">
      <Filter>Resource\Buffer</Filter>
    </ClCompile>
    <ClCompile Include="Resource\SConstantBuffer.cpp">
      <Filter>Resource\Buffer</Filter>
    </ClCompile>
    <ClCompile Include="Resource\SMeshBuffer.cpp">
      <Filter>Resource\Buffer</Filter>
    </ClCompile>
    <ClCompile Include="Resource\SStaticMeshManager.cpp">
      <Filter>Resource\Buffer</Filter>
    </ClCompile>
    <ClCompile Include="Resource\SResource.cpp">
      <Filter>Resource</Filter>
    </ClCompile>
    <ClCompile Include="Resource\SResourceManager.cpp">
      <Filter>Resource</Filter>
    </ClCompile>
    <ClCompile Include="Resource\Texture\STextureManager.cpp">
      <Filter>Resource\Texture</Filter>
    </ClCompile>
    <ClCompile Include="Resource\Texture\STextureObject.cpp">
      <Filter>Resource\Texture</Filter>
    </ClCompile>
    <ClCompile Include="Resource\Image\SImage.cpp">
      <Filter>Resource\Image</Filter>
    </ClCompile>
    <ClCompile Include="Camera\Camera.cpp">
      <Filter>Camera</Filter>
    </ClCompile>
    <ClCompile Include="Sky\Skybox.cpp">
      <Filter>Sky</Filter>
    </ClCompile>
    <ClCompile Include="..\..\thirdparty\loadpng\lodepng.cpp">
      <Filter>Resource\Texture</Filter>
    </ClCompile>
    <ClCompile Include="Resource\Shaders\SShader.cpp">
      <Filter>Resource\Shaders</Filter>
    </ClCompile>
  </ItemGroup>
</Project>